
Microsoft Visual Studio Solution File, Format Version 12.00
# Visual Studio Version 17
VisualStudioVersion = 17.4.33213.308
MinimumVisualStudioVersion = 10.0.40219.1
Project("{FAE04EC0-301F-11D3-BF4B-00C04F79EFBC}") = "LivreEnFolie", "LivreEnFolie\LivreEnFolie.csproj", "{416F7780-1949-4431-AE7C-087635043CBC}"
EndProject
Global
	GlobalSection(SolutionConfigurationPlatforms) = preSolution
		Debug|Any CPU = Debug|Any CPU
		Release|Any CPU = Release|Any CPU
	EndGlobalSection
	GlobalSection(ProjectConfigurationPlatforms) = postSolution
		{416F7780-1949-4431-AE7C-087635043CBC}.Debug|Any CPU.ActiveCfg = Debug|Any CPU
		{416F7780-1949-4431-AE7C-087635043CBC}.Debug|Any CPU.Build.0 = Debug|Any CPU
		{416F7780-1949-4431-AE7C-087635043CBC}.Release|Any CPU.ActiveCfg = Release|Any CPU
		{416F7780-1949-4431-AE7C-087635043CBC}.Release|Any CPU.Build.0 = Release|Any CPU
	EndGlobalSection
	GlobalSection(SolutionProperties) = preSolution
		HideSolutionNode = FALSE
	EndGlobalSection
	GlobalSection(ExtensibilityGlobals) = postSolution
		SolutionGuid = {20874382-244E-4345-9FA6-C9BDBD4C9021}
	EndGlobalSection
EndGlobal
